
Microsoft Visual Studio Solution File, Format Version 12.00
# Visual Studio Version 17
VisualStudioVersion = 17.4.33213.308
MinimumVisualStudioVersion = 10.0.40219.1
Project("{9A19103F-16F7-4668-BE54-9A1E7A4F7556}") = "ChallangeApp", "ChallangeApp\ChallangeApp.csproj", "{71C76097-7520-4038-8A84-2F43DE49553D}"
EndProject
Project("{FAE04EC0-301F-11D3-BF4B-00C04F79EFBC}") = "ChallangeApp.Tests", "ChallangeApp.Tests\ChallangeApp.Tests.csproj", "{59B363DD-AFE0-49AE-B9A0-0AB1343D0A8D}"
EndProject
Global
	GlobalSection(SolutionConfigurationPlatforms) = preSolution
		Debug|Any CPU = Debug|Any CPU
		Release|Any CPU = Release|Any CPU
	EndGlobalSection
	GlobalSection(ProjectConfigurationPlatforms) = postSolution
		{71C76097-7520-4038-8A84-2F43DE49553D}.Debug|Any CPU.ActiveCfg = Debug|Any CPU
		{71C76097-7520-4038-8A84-2F43DE49553D}.Debug|Any CPU.Build.0 = Debug|Any CPU
		{71C76097-7520-4038-8A84-2F43DE49553D}.Release|Any CPU.ActiveCfg = Release|Any CPU
		{71C76097-7520-4038-8A84-2F43DE49553D}.Release|Any CPU.Build.0 = Release|Any CPU
		{59B363DD-AFE0-49AE-B9A0-0AB1343D0A8D}.Debug|Any CPU.ActiveCfg = Debug|Any CPU
		{59B363DD-AFE0-49AE-B9A0-0AB1343D0A8D}.Debug|Any CPU.Build.0 = Debug|Any CPU
		{59B363DD-AFE0-49AE-B9A0-0AB1343D0A8D}.Release|Any CPU.ActiveCfg = Release|Any CPU
		{59B363DD-AFE0-49AE-B9A0-0AB1343D0A8D}.Release|Any CPU.Build.0 = Release|Any CPU
	EndGlobalSection
	GlobalSection(SolutionProperties) = preSolution
		HideSolutionNode = FALSE
	EndGlobalSection
	GlobalSection(ExtensibilityGlobals) = postSolution
		SolutionGuid = {009419E6-2778-45D5-8CC0-8940ECAF8356}
	EndGlobalSection
EndGlobal
